
Microsoft Visual Studio Solution File, Format Version 12.00
# Visual Studio 15
VisualStudioVersion = 15.0.27703.2035
MinimumVisualStudioVersion = 10.0.40219.1
Project("{FAE04EC0-301F-11D3-BF4B-00C04F79EFBC}") = "Drawing_Pattern_OOP", "Draggoo_Assignment_02\Drawing_Pattern_OOP.csproj", "{F8A6BAF3-57CC-4843-8EB4-C72581FA3694}"
EndProject
Global
	GlobalSection(SolutionConfigurationPlatforms) = preSolution
		Debug|Any CPU = Debug|Any CPU
		Release|Any CPU = Release|Any CPU
	EndGlobalSection
	GlobalSection(ProjectConfigurationPlatforms) = postSolution
		{F8A6BAF3-57CC-4843-8EB4-C72581FA3694}.Debug|Any CPU.ActiveCfg = Debug|Any CPU
		{F8A6BAF3-57CC-4843-8EB4-C72581FA3694}.Debug|Any CPU.Build.0 = Debug|Any CPU
		{F8A6BAF3-57CC-4843-8EB4-C72581FA3694}.Release|Any CPU.ActiveCfg = Release|Any CPU
		{F8A6BAF3-57CC-4843-8EB4-C72581FA3694}.Release|Any CPU.Build.0 = Release|Any CPU
	EndGlobalSection
	GlobalSection(SolutionProperties) = preSolution
		HideSolutionNode = FALSE
	EndGlobalSection
	GlobalSection(ExtensibilityGlobals) = postSolution
		SolutionGuid = {D612D9D9-8739-42B3-A3C7-BDE70E996D91}
	EndGlobalSection
EndGlobal
